
Microsoft Visual Studio Solution File, Format Version 12.00
# Visual Studio Version 17
VisualStudioVersion = 17.8.34525.116
MinimumVisualStudioVersion = 10.0.40219.1
Project("{9A19103F-16F7-4668-BE54-9A1E7A4F7556}") = "Namshi.API", "Namshi.API\Namshi.API.csproj", "{59AF2E54-F724-4F45-9615-D7DF8128B468}"
EndProject
Project("{FAE04EC0-301F-11D3-BF4B-00C04F79EFBC}") = "Namshi.Application", "Namshi.Application\Namshi.Application.csproj", "{2EF02687-AAC9-47F5-9403-DCD983E82934}"
EndProject
Project("{FAE04EC0-301F-11D3-BF4B-00C04F79EFBC}") = "Namshi.Domain", "Namshi.Domain\Namshi.Domain.csproj", "{5B5CD9BA-5589-451A-A4F3-FD51152551FA}"
EndProject
Project("{FAE04EC0-301F-11D3-BF4B-00C04F79EFBC}") = "Namshi.Infrastructure", "Namshi.Infrastructure\Namshi.Infrastructure.csproj", "{FA438A6A-9803-4061-A9FA-1DCF74F59A48}"
EndProject
Global
	GlobalSection(SolutionConfigurationPlatforms) = preSolution
		Debug|Any CPU = Debug|Any CPU
		Release|Any CPU = Release|Any CPU
	EndGlobalSection
	GlobalSection(ProjectConfigurationPlatforms) = postSolution
		{59AF2E54-F724-4F45-9615-D7DF8128B468}.Debug|Any CPU.ActiveCfg = Debug|Any CPU
		{59AF2E54-F724-4F45-9615-D7DF8128B468}.Debug|Any CPU.Build.0 = Debug|Any CPU
		{59AF2E54-F724-4F45-9615-D7DF8128B468}.Release|Any CPU.ActiveCfg = Release|Any CPU
		{59AF2E54-F724-4F45-9615-D7DF8128B468}.Release|Any CPU.Build.0 = Release|Any CPU
		{2EF02687-AAC9-47F5-9403-DCD983E82934}.Debug|Any CPU.ActiveCfg = Debug|Any CPU
		{2EF02687-AAC9-47F5-9403-DCD983E82934}.Debug|Any CPU.Build.0 = Debug|Any CPU
		{2EF02687-AAC9-47F5-9403-DCD983E82934}.Release|Any CPU.ActiveCfg = Release|Any CPU
		{2EF02687-AAC9-47F5-9403-DCD983E82934}.Release|Any CPU.Build.0 = Release|Any CPU
		{5B5CD9BA-5589-451A-A4F3-FD51152551FA}.Debug|Any CPU.ActiveCfg = Debug|Any CPU
		{5B5CD9BA-5589-451A-A4F3-FD51152551FA}.Debug|Any CPU.Build.0 = Debug|Any CPU
		{5B5CD9BA-5589-451A-A4F3-FD51152551FA}.Release|Any CPU.ActiveCfg = Release|Any CPU
		{5B5CD9BA-5589-451A-A4F3-FD51152551FA}.Release|Any CPU.Build.0 = Release|Any CPU
		{FA438A6A-9803-4061-A9FA-1DCF74F59A48}.Debug|Any CPU.ActiveCfg = Debug|Any CPU
		{FA438A6A-9803-4061-A9FA-1DCF74F59A48}.Debug|Any CPU.Build.0 = Debug|Any CPU
		{FA438A6A-9803-4061-A9FA-1DCF74F59A48}.Release|Any CPU.ActiveCfg = Release|Any CPU
		{FA438A6A-9803-4061-A9FA-1DCF74F59A48}.Release|Any CPU.Build.0 = Release|Any CPU
	EndGlobalSection
	GlobalSection(SolutionProperties) = preSolution
		HideSolutionNode = FALSE
	EndGlobalSection
	GlobalSection(ExtensibilityGlobals) = postSolution
		SolutionGuid = {34715472-8DF3-4974-BF2D-5EFD070CDB67}
	EndGlobalSection
EndGlobal
